{
  "name": "ts",
  "version": "1.0.0",
  "lockfileVersion": 3,
  "requires": true,
  "packages": {
    "": {
      "name": "ts",
      "version": "1.0.0",
      "license": "ISC",
      "dependencies": {
        "effect": "^4.0.0",
        "phoenix": "^1.8.1",
        "valibot": "^1.2.0",
        "zod": "^4.0.17"
      },
      "devDependencies": {
        "@types/phoenix": "^1.6.6",
        "typescript": "^5.9.3"
      }
    },
    "node_modules/@types/phoenix": {
      "version": "1.6.6",
      "resolved": "https://registry.npmjs.org/@types/phoenix/-/phoenix-1.6.6.tgz",
      "integrity": "sha512-PIzZZlEppgrpoT2QgbnDU+MMzuR6BbCjllj0bM70lWoejMeNJAxCchxnv7J3XFkI8MpygtRpzXrIlmWUBclP5A==",
      "dev": true,
      "license": "MIT"
    },
    "node_modules/effect": {
      "version": "4.0.0",
      "resolved": "https://registry.npmjs.org/effect/-/effect-4.0.0.tgz",
      "integrity": "sha512-ooc1TG5t+FfzgYnFz2ff6BBKyZ7EwBRVXC7c4RhQUAD6/TZ2gTXXMeb4WX7a19ozQo4J73/QW+S00YAIresoMQ==",
      "license": "MIT"
    },
    "node_modules/phoenix": {
      "version": "1.8.9",
      "resolved": "https://registry.npmjs.org/phoenix/-/phoenix-1.8.9.tgz",
      "integrity": "sha512-/2qzAZB3P2s08fFAYaG65lqaNFmVXUSlXdY4/JDdDKIC81y2cFWkPwI8gycy4VLpv197JwZ5PpBf3VhoG32yGA==",
      "license": "MIT"
    },
    "node_modules/typescript": {
      "version": "5.9.3",
      "resolved": "https://registry.npmjs.org/typescript/-/typescript-5.9.3.tgz",
      "integrity": "sha512-jl1vZzPDinLr9eUt3J/t7V6FgNEw9QjvBPdysz9KfQDD41fQrC2Y4vKQdiaUpFT4bXlb1RHhLpp8wtm6M5TgSw==",
      "devOptional": true,
      "license": "Apache-2.0",
      "bin": {
        "tsc": "bin/tsc",
        "tsserver": "bin/tsserver"
      },
      "engines": {
        "node": ">=14.17"
      }
    },
    "node_modules/valibot": {
      "version": "1.4.2",
      "resolved": "https://registry.npmjs.org/valibot/-/valibot-1.4.2.tgz",
      "integrity": "sha512-gjdCvJ6d3RyHAneqxMYMW9QMCwYMb3jpOO0IyHZV1bnRHFBHrX3VkIILt5XYR0WhwHiH7Mty8ovuPZ/O3gamrg==",
      "license": "MIT",
      "peerDependencies": {
        "typescript": ">=5"
      },
      "peerDependenciesMeta": {
        "typescript": {
          "optional": true
        }
      }
    },
    "node_modules/zod": {
      "version": "4.0.17",
      "resolved": "https://registry.npmjs.org/zod/-/zod-4.0.17.tgz",
      "integrity": "sha512-1PHjlYRevNxxdy2JZ8JcNAw7rX8V9P1AKkP+x/xZfxB0K5FYfuV+Ug6P/6NVSR2jHQ+FzDDoDHS04nYUsOIyLQ==",
      "license": "MIT",
      "funding": {
        "url": "https://github.com/sponsors/colinhacks"
      }
    }
  }
}
